<?xml version="1.0" encoding="UTF-8" standalone="yes" ?>
<CodeBlocks_project_file>
	<FileVersion major="1" minor="6" />
	<Project>
		<Option title="GAME" />
		<Option pch_mode="2" />
		<Option compiler="gcc" />
		<Build>
			<Target title="Debug">
				<Option output="bin/Debug/GAME" prefix_auto="1" extension_auto="1" />
				<Option object_output="obj/Debug/" />
				<Option type="1" />
				<Option compiler="gcc" />
				<Compiler>
					<Add option="-g" />
					<Add directory="srcCore" />
					<Add directory="src/Core" />
					<Add directory="./" />
					<Add directory="src/Graphics" />
					<Add directory="src/Physics" />
					<Add directory="src/Object" />
					<Add directory="src/Character" />
					<Add directory="src/Animation" />
					<Add directory="src/Inputs" />
					<Add directory="src/Timer" />
					<Add directory="src/Map" />
					<Add directory="assets/maps" />
					<Add directory="src/Vendor/tinyxml-master" />
					<Add directory="src/Camera" />
					<Add directory="src/Collision" />
					<Add directory="Attack" />
					<Add directory="Character" />
					<Add directory="Core" />
					<Add directory="Map" />
					<Add directory="Object" />
					<Add directory="Physics" />
					<Add directory="Sound" />
					<Add directory="Texture" />
					<Add directory="State" />
					<Add directory="Widget" />
					<Add directory="Vendor/tinyxml-master" />
				</Compiler>
			</Target>
			<Target title="Release">
				<Option output="bin/Release/GAME" prefix_auto="1" extension_auto="1" />
				<Option object_output="obj/Release/" />
				<Option type="1" />
				<Option compiler="gcc" />
				<Compiler>
					<Add option="-O2" />
					<Add directory="srcCore" />
					<Add directory="src/Core" />
					<Add directory="./" />
					<Add directory="src/Graphics" />
					<Add directory="src/Physics" />
					<Add directory="src/Object" />
					<Add directory="src/Character" />
					<Add directory="src/Animation" />
					<Add directory="src/Inputs" />
					<Add directory="src/Timer" />
					<Add directory="src/Map" />
					<Add directory="assets/maps" />
					<Add directory="src/Camera" />
					<Add directory="src/Collision" />
					<Add directory="Attack" />
					<Add directory="Character" />
					<Add directory="Core" />
					<Add directory="Map" />
					<Add directory="Object" />
					<Add directory="Physics" />
					<Add directory="Sound" />
					<Add directory="Texture" />
					<Add directory="State" />
					<Add directory="Widget" />
				</Compiler>
				<Linker>
					<Add option="-s" />
				</Linker>
			</Target>
		</Build>
		<Compiler>
			<Add option="-Wall" />
			<Add option="-fexceptions" />
			<Add directory="../../../../../Jester/Code block/SDL2-2.26.3/x86_64-w64-mingw32/include/SDL2" />
			<Add directory="../../../../../Jester/Code block/SDL2_image-2.6.3/x86_64-w64-mingw32/include/SDL2" />
			<Add directory="../../Jester/Code block/SDL2_ttf-2.20.2/x86_64-w64-mingw32/include/SDL2" />
			<Add directory="../../Jester/Code block/SDL2_mixer-2.6.3/x86_64-w64-mingw32/include/SDL2" />
		</Compiler>
		<Linker>
			<Add option="-lmingw32 -lSDL2main -lSDL2 -lSDL2_image" />
			<Add option="-lSDL2_ttf -lSDL2_mixer" />
			<Add directory="../../../../../Jester/Code block/SDL2-2.26.3/x86_64-w64-mingw32/lib" />
			<Add directory="../../../../../Jester/Code block/SDL2_image-2.6.3/x86_64-w64-mingw32/lib" />
			<Add directory="../../Jester/Code block/SDL2_mixer-2.6.3/x86_64-w64-mingw32/lib" />
			<Add directory="../../Jester/Code block/SDL2_ttf-2.20.2/x86_64-w64-mingw32/lib" />
		</Linker>
		<Unit filename="Attack/Attack.h" />
		<Unit filename="Character/Character.h" />
		<Unit filename="Character/Enemy.cpp" />
		<Unit filename="Character/Enemy.h" />
		<Unit filename="Character/EnemyManager.cpp" />
		<Unit filename="Character/EnemyManager.h" />
		<Unit filename="Character/Player.cpp" />
		<Unit filename="Character/Player.h" />
		<Unit filename="Core/Camera.cpp" />
		<Unit filename="Core/Camera.h" />
		<Unit filename="Core/Engine.cpp" />
		<Unit filename="Core/Engine.h" />
		<Unit filename="Core/Input.cpp" />
		<Unit filename="Core/Input.h" />
		<Unit filename="Core/Point.h" />
		<Unit filename="Core/Timer.cpp" />
		<Unit filename="Core/Timer.h" />
		<Unit filename="Map/GameMap.h" />
		<Unit filename="Map/Layer.h" />
		<Unit filename="Map/MapParser.cpp" />
		<Unit filename="Map/MapParser.h" />
		<Unit filename="Map/TileLayer.cpp" />
		<Unit filename="Map/TileLayer.h" />
		<Unit filename="Object/GameObject.h" />
		<Unit filename="Object/IObject.h" />
		<Unit filename="Physics/Collider.h" />
		<Unit filename="Physics/CollisionHandler.cpp" />
		<Unit filename="Physics/CollisionHandler.h" />
		<Unit filename="Physics/RigidBody.h" />
		<Unit filename="Physics/Transform.h" />
		<Unit filename="Physics/Vector2d.h" />
		<Unit filename="Sound/Sound.cpp" />
		<Unit filename="Sound/Sound.h" />
		<Unit filename="State/ChosenPhase.cpp" />
		<Unit filename="State/ChosenPhase.h" />
		<Unit filename="State/Menu.cpp" />
		<Unit filename="State/Menu.h" />
		<Unit filename="State/Pause.cpp" />
		<Unit filename="State/Pause.h" />
		<Unit filename="State/Play.cpp" />
		<Unit filename="State/Play.h" />
		<Unit filename="State/State.h" />
		<Unit filename="Texture/Animation.cpp" />
		<Unit filename="Texture/Animation.h" />
		<Unit filename="Texture/Texture.cpp" />
		<Unit filename="Texture/Texture.h" />
		<Unit filename="Vendor/tinyxml-master/tinystr.cpp" />
		<Unit filename="Vendor/tinyxml-master/tinystr.h" />
		<Unit filename="Vendor/tinyxml-master/tinyxml.cpp" />
		<Unit filename="Vendor/tinyxml-master/tinyxml.h" />
		<Unit filename="Vendor/tinyxml-master/tinyxmlerror.cpp" />
		<Unit filename="Vendor/tinyxml-master/tinyxmlparser.cpp" />
		<Unit filename="Widget/Button.cpp" />
		<Unit filename="Widget/Button.h" />
		<Unit filename="main.cpp" />
		<Extensions>
			<lib_finder disable_auto="1" />
		</Extensions>
	</Project>
</CodeBlocks_project_file>
